Microsoft Visual Studio Solution File, Format Version 12.00
# Visual Studio Version 17
VisualStudioVersion = 17.5.2.0
MinimumVisualStudioVersion = 10.0.40219.1
Project("{FAE04EC0-301F-11D3-BF4B-00C04F79EFBC}") = "HelloDotnet", "HelloDotnet.csproj", "{BF3EBF32-CB0D-3D2C-9CF6-1C7132E18ECF}"
EndProject
Global
	GlobalSection(SolutionConfigurationPlatforms) = preSolution
		Debug|Any CPU = Debug|Any CPU
		Release|Any CPU = Release|Any CPU
	EndGlobalSection
	GlobalSection(ProjectConfigurationPlatforms) = postSolution
		{BF3EBF32-CB0D-3D2C-9CF6-1C7132E18ECF}.Debug|Any CPU.ActiveCfg = Debug|Any CPU
		{BF3EBF32-CB0D-3D2C-9CF6-1C7132E18ECF}.Debug|Any CPU.Build.0 = Debug|Any CPU
		{BF3EBF32-CB0D-3D2C-9CF6-1C7132E18ECF}.Release|Any CPU.ActiveCfg = Release|Any CPU
		{BF3EBF32-CB0D-3D2C-9CF6-1C7132E18ECF}.Release|Any CPU.Build.0 = Release|Any CPU
	EndGlobalSection
	GlobalSection(SolutionProperties) = preSolution
		HideSolutionNode = FALSE
	EndGlobalSection
	GlobalSection(ExtensibilityGlobals) = postSolution
		SolutionGuid = {3A433821-A628-410B-9FA6-F56A812943E9}
	EndGlobalSection
EndGlobal
